
Microsoft Visual Studio Solution File, Format Version 12.00
# Visual Studio Version 16
VisualStudioVersion = 16.0.31205.134
MinimumVisualStudioVersion = 10.0.40219.1
Project("{9A19103F-16F7-4668-BE54-9A1E7A4F7556}") = "Htlvb.Http", "Htlvb.Http\Htlvb.Http.csproj", "{C635AE9B-565F-4F19-BADE-195A9AB2CA27}"
EndProject
Project("{9A19103F-16F7-4668-BE54-9A1E7A4F7556}") = "Htlvb.Http.Test", "Htlvb.Http.Test\Htlvb.Http.Test.csproj", "{474B71DB-59B2-44C7-B9B3-31E883834135}"
EndProject
Global
	GlobalSection(SolutionConfigurationPlatforms) = preSolution
		Debug|Any CPU = Debug|Any CPU
		Release|Any CPU = Release|Any CPU
	EndGlobalSection
	GlobalSection(ProjectConfigurationPlatforms) = postSolution
		{C635AE9B-565F-4F19-BADE-195A9AB2CA27}.Debug|Any CPU.ActiveCfg = Debug|Any CPU
		{C635AE9B-565F-4F19-BADE-195A9AB2CA27}.Debug|Any CPU.Build.0 = Debug|Any CPU
		{C635AE9B-565F-4F19-BADE-195A9AB2CA27}.Release|Any CPU.ActiveCfg = Release|Any CPU
		{C635AE9B-565F-4F19-BADE-195A9AB2CA27}.Release|Any CPU.Build.0 = Release|Any CPU
		{474B71DB-59B2-44C7-B9B3-31E883834135}.Debug|Any CPU.ActiveCfg = Debug|Any CPU
		{474B71DB-59B2-44C7-B9B3-31E883834135}.Debug|Any CPU.Build.0 = Debug|Any CPU
		{474B71DB-59B2-44C7-B9B3-31E883834135}.Release|Any CPU.ActiveCfg = Release|Any CPU
		{474B71DB-59B2-44C7-B9B3-31E883834135}.Release|Any CPU.Build.0 = Release|Any CPU
	EndGlobalSection
	GlobalSection(SolutionProperties) = preSolution
		HideSolutionNode = FALSE
	EndGlobalSection
	GlobalSection(ExtensibilityGlobals) = postSolution
		SolutionGuid = {EB7DB74E-B3A7-4C4E-9F47-C388BEE5853E}
	EndGlobalSection
EndGlobal
